
Microsoft Visual Studio Solution File, Format Version 12.00
# Visual Studio 15
VisualStudioVersion = 15.0.28307.168
MinimumVisualStudioVersion = 10.0.40219.1
Project("{FAE04EC0-301F-11D3-BF4B-00C04F79EFBC}") = "SocialMediaSite", "SocialMediaSite\SocialMediaSite.csproj", "{093014FA-4EC4-4BF6-926D-AE06671CE660}"
EndProject
Global
	GlobalSection(SolutionConfigurationPlatforms) = preSolution
		Debug|Any CPU = Debug|Any CPU
		Release|Any CPU = Release|Any CPU
	EndGlobalSection
	GlobalSection(ProjectConfigurationPlatforms) = postSolution
		{093014FA-4EC4-4BF6-926D-AE06671CE660}.Debug|Any CPU.ActiveCfg = Debug|Any CPU
		{093014FA-4EC4-4BF6-926D-AE06671CE660}.Debug|Any CPU.Build.0 = Debug|Any CPU
		{093014FA-4EC4-4BF6-926D-AE06671CE660}.Release|Any CPU.ActiveCfg = Release|Any CPU
		{093014FA-4EC4-4BF6-926D-AE06671CE660}.Release|Any CPU.Build.0 = Release|Any CPU
	EndGlobalSection
	GlobalSection(SolutionProperties) = preSolution
		HideSolutionNode = FALSE
	EndGlobalSection
	GlobalSection(ExtensibilityGlobals) = postSolution
		SolutionGuid = {6F83E12B-FB1E-4203-8890-A6E65525C484}
	EndGlobalSection
EndGlobal
