
Microsoft Visual Studio Solution File, Format Version 12.00
# Visual Studio 15
VisualStudioVersion = 15.0.28307.168
MinimumVisualStudioVersion = 10.0.40219.1
Project("{FAE04EC0-301F-11D3-BF4B-00C04F79EFBC}") = "IxcameyC_HelloMVC", "IxcameyC_HelloMVC\IxcameyC_HelloMVC.csproj", "{0B13DECC-33C2-44CA-9C96-38CB0A9EB458}"
EndProject
Global
	GlobalSection(SolutionConfigurationPlatforms) = preSolution
		Debug|Any CPU = Debug|Any CPU
		Release|Any CPU = Release|Any CPU
	EndGlobalSection
	GlobalSection(ProjectConfigurationPlatforms) = postSolution
		{0B13DECC-33C2-44CA-9C96-38CB0A9EB458}.Debug|Any CPU.ActiveCfg = Debug|Any CPU
		{0B13DECC-33C2-44CA-9C96-38CB0A9EB458}.Debug|Any CPU.Build.0 = Debug|Any CPU
		{0B13DECC-33C2-44CA-9C96-38CB0A9EB458}.Release|Any CPU.ActiveCfg = Release|Any CPU
		{0B13DECC-33C2-44CA-9C96-38CB0A9EB458}.Release|Any CPU.Build.0 = Release|Any CPU
	EndGlobalSection
	GlobalSection(SolutionProperties) = preSolution
		HideSolutionNode = FALSE
	EndGlobalSection
	GlobalSection(ExtensibilityGlobals) = postSolution
		SolutionGuid = {767CFC36-A5DB-49A5-B88A-17EE8730EC6B}
	EndGlobalSection
EndGlobal
