
Microsoft Visual Studio Solution File, Format Version 12.00
# Visual Studio 15
VisualStudioVersion = 15.0.28307.168
MinimumVisualStudioVersion = 10.0.40219.1
Project("{FAE04EC0-301F-11D3-BF4B-00C04F79EFBC}") = "AspNetMVCScratch", "AspNetMVCScratch\AspNetMVCScratch.csproj", "{7E559AD4-8479-412C-8D2A-434B5318210C}"
EndProject
Global
	GlobalSection(SolutionConfigurationPlatforms) = preSolution
		Debug|Any CPU = Debug|Any CPU
		Release|Any CPU = Release|Any CPU
	EndGlobalSection
	GlobalSection(ProjectConfigurationPlatforms) = postSolution
		{7E559AD4-8479-412C-8D2A-434B5318210C}.Debug|Any CPU.ActiveCfg = Debug|Any CPU
		{7E559AD4-8479-412C-8D2A-434B5318210C}.Debug|Any CPU.Build.0 = Debug|Any CPU
		{7E559AD4-8479-412C-8D2A-434B5318210C}.Release|Any CPU.ActiveCfg = Release|Any CPU
		{7E559AD4-8479-412C-8D2A-434B5318210C}.Release|Any CPU.Build.0 = Release|Any CPU
	EndGlobalSection
	GlobalSection(SolutionProperties) = preSolution
		HideSolutionNode = FALSE
	EndGlobalSection
	GlobalSection(ExtensibilityGlobals) = postSolution
		SolutionGuid = {244CF0D8-32D7-48E6-8B54-DE7EAA10FF1B}
	EndGlobalSection
EndGlobal
